PODS:
  - AparajitaCapacitorBiometricAuth (7.1.1):
    - Capacitor
  - AparajitaCapacitorSecureStorage (5.2.0):
    - Capacitor
    - KeychainSwift (~> 21.0)
  - Capacitor (5.7.3):
    - CapacitorCordova
  - CapacitorApp (5.0.7):
    - Capacitor
  - CapacitorCommunityBarcodeScanner (4.0.1):
    - Capacitor
  - CapacitorCordova (5.7.3)
  - CapacitorHaptics (5.0.7):
    - Capacitor
  - CapacitorKeyboard (5.0.8):
    - Capacitor
  - CapacitorStatusBar (5.0.7):
    - Capacitor
  - KeychainSwift (21.0.0)

DEPENDENCIES:
  - "AparajitaCapacitorBiometricAuth (from `../../node_modules/@aparajita/capacitor-biometric-auth`)"
  - "AparajitaCapacitorSecureStorage (from `../../node_modules/@aparajita/capacitor-secure-storage`)"
  - "Capacitor (from `../../node_modules/@capacitor/ios`)"
  - "CapacitorApp (from `../../node_modules/@capacitor/app`)"
  - "CapacitorCommunityBarcodeScanner (from `../../node_modules/@capacitor-community/barcode-scanner`)"
  - "CapacitorCordova (from `../../node_modules/@capacitor/ios`)"
  - "CapacitorHaptics (from `../../node_modules/@capacitor/haptics`)"
  - "CapacitorKeyboard (from `../../node_modules/@capacitor/keyboard`)"
  - "CapacitorStatusBar (from `../../node_modules/@capacitor/status-bar`)"

SPEC REPOS:
  trunk:
    - KeychainSwift

EXTERNAL SOURCES:
  AparajitaCapacitorBiometricAuth:
    :path: "../../node_modules/@aparajita/capacitor-biometric-auth"
  AparajitaCapacitorSecureStorage:
    :path: "../../node_modules/@aparajita/capacitor-secure-storage"
  Capacitor:
    :path: "../../node_modules/@capacitor/ios"
  CapacitorApp:
    :path: "../../node_modules/@capacitor/app"
  CapacitorCommunityBarcodeScanner:
    :path: "../../node_modules/@capacitor-community/barcode-scanner"
  CapacitorCordova:
    :path: "../../node_modules/@capacitor/ios"
  CapacitorHaptics:
    :path: "../../node_modules/@capacitor/haptics"
  CapacitorKeyboard:
    :path: "../../node_modules/@capacitor/keyboard"
  CapacitorStatusBar:
    :path: "../../node_modules/@capacitor/status-bar"

SPEC CHECKSUMS:
  AparajitaCapacitorBiometricAuth: 9e8780b6ad19eee077804cc2a00a0b49c4d2ad56
  AparajitaCapacitorSecureStorage: 2f3a28fa7cf90053bf5b56834607349cbf9f24ca
  Capacitor: 7b5eb47c6125e9b58a3e3cd02fe366fc58adc89c
  CapacitorApp: 17fecd0e6cb23feafac7eb0939417389038b0979
  CapacitorCommunityBarcodeScanner: 7feb206489c8555a8ca0c74c57ddf49ead774eb8
  CapacitorCordova: a377c52a28dbb3b895c0f71187f7b1777fee69db
  CapacitorHaptics: 7c7c206f0c96a628fed073830c96d28c4b2e772e
  CapacitorKeyboard: aec619a578235c6ce279075009a2689c2cf5c42c
  CapacitorStatusBar: f390fbb49b82ffb754ea4b3cf71dc8b048baf3e7
  KeychainSwift: 4a71a45c802fd9e73906457c2dcbdbdc06c9419d

PODFILE CHECKSUM: 4767660a0368fada3efe7c7dc9c6c23a5015f648

COCOAPODS: 1.12.1
